# THIS IS AN AUTOGENERATED FILE. DO NOT EDIT THIS FILE DIRECTLY.
# yarn lockfile v1


"@victordumbrava/test-lerna-package@1.0.2":
  version "1.0.2"
  resolved "https://npm.pkg.github.com/download/@victordumbrava/test-lerna-package/1.0.2/1bf93f6f7ab26480ebfcb11493ad6c38ed6bdd0aebd7a9bfe64172b858f8b700#ffbc8018ee7797608aadc0ccdf97517660a10e3a"
  integrity sha512-7f5kN1oiA20+wMBEbgIqpfdsLnMhaDdlA+eWUqHBPBg+DiI0ypX4oywFfJJN0+xhZe8S5Mp2wUX94PxWhptVpA==
